{
  "name": "Groupomania_P7",
  "lockfileVersion": 2,
  "requires": true,
  "packages": {
    "": {
      "dependencies": {
        "helmet": "^5.0.2",
        "moment": "^2.29.3"
      }
    },
    "node_modules/helmet": {
      "version": "5.0.2",
      "resolved": "https://registry.npmjs.org/helmet/-/helmet-5.0.2.tgz",
      "integrity": "sha512-QWlwUZZ8BtlvwYVTSDTBChGf8EOcQ2LkGMnQJxSzD1mUu8CCjXJZq/BXP8eWw4kikRnzlhtYo3lCk0ucmYA3Vg==",
      "engines": {
        "node": ">=12.0.0"
      }
    },
    "node_modules/moment": {
      "version": "2.29.3",
      "resolved": "https://registry.npmjs.org/moment/-/moment-2.29.3.tgz",
      "integrity": "sha512-c6YRvhEo//6T2Jz/vVtYzqBzwvPT95JBQ+smCytzf7c50oMZRsR/a4w88aD34I+/QVSfnoAnSBFPJHItlOMJVw==",
      "engines": {
        "node": "*"
      }
    }
  },
  "dependencies": {
    "helmet": {
      "version": "5.0.2",
      "resolved": "https://registry.npmjs.org/helmet/-/helmet-5.0.2.tgz",
      "integrity": "sha512-QWlwUZZ8BtlvwYVTSDTBChGf8EOcQ2LkGMnQJxSzD1mUu8CCjXJZq/BXP8eWw4kikRnzlhtYo3lCk0ucmYA3Vg=="
    },
    "moment": {
      "version": "2.29.3",
      "resolved": "https://registry.npmjs.org/moment/-/moment-2.29.3.tgz",
      "integrity": "sha512-c6YRvhEo//6T2Jz/vVtYzqBzwvPT95JBQ+smCytzf7c50oMZRsR/a4w88aD34I+/QVSfnoAnSBFPJHItlOMJVw=="
    }
  }
}
